<?xml version="1.0" encoding="utf-8"?>
<Project ToolsVersion="4.0" xmlns="http://schemas.microsoft.com/developer/msbuild/2003">
  <ItemGroup>
    <Filter Include="Source Files">
      <UniqueIdentifier>{4FC737F1-C7A5-4376-A066-2A32D752A2FF}</UniqueIdentifier>
      <Extensions>cpp;c;cc;cxx;c++;cppm;ixx;def;odl;idl;hpj;bat;asm;asmx</Extensions>
    </Filter>
    <Filter Include="Header Files">
      <UniqueIdentifier>{93995380-89BD-4b04-88EB-625FBE52EBFB}</UniqueIdentifier>
      <Extensions>h;hh;hpp;hxx;h++;hm;inl;inc;ipp;xsd</Extensions>
    </Filter>
    <Filter Include="Resource Files">
      <UniqueIdentifier>{67DA6AB6-F800-4c08-8B7A-83BB121AAD01}</UniqueIdentifier>
      <Extensions>rc;ico;cur;bmp;dlg;rc2;rct;bin;rgs;gif;jpg;jpeg;jpe;resx;tiff;tif;png;wav;mfcribbon-ms</Extensions>
    </Filter>
    <Filter Include="Source Files\qbRayTrace">
      <UniqueIdentifier>{7816eecb-253d-49e1-9939-69f98cf329f3}</UniqueIdentifier>
    </Filter>
    <Filter Include="Source Files\qbRayTrace\qbLinAlg">
      <UniqueIdentifier>{5c8652e2-39cb-4aea-912d-77575bb45ee5}</UniqueIdentifier>
    </Filter>
  </ItemGroup>
  <ItemGroup>
    <ClCompile Include="src\main.cpp">
      <Filter>Source Files</Filter>
    </ClCompile>
    <ClCompile Include="src\qbRayTrace\QBImage.cpp">
      <Filter>Source Files\qbRayTrace</Filter>
    </ClCompile>
    <ClCompile Include="src\CApp.cpp">
      <Filter>Source Files</Filter>
    </ClCompile>
    <ClCompile Include="src\qbRayTrace\QBScene.cpp">
      <Filter>Source Files\qbRayTrace</Filter>
    </ClCompile>
    <ClCompile Include="src\qbRayTrace\QBRay.cpp">
      <Filter>Source Files\qbRayTrace</Filter>
    </ClCompile>
    <ClCompile Include="src\qbRayTrace\QBCamera.cpp">
      <Filter>Source Files\qbRayTrace</Filter>
    </ClCompile>
    <ClCompile Include="src\qbRayTrace\QBObjectBase.cpp">
      <Filter>Source Files\qbRayTrace</Filter>
    </ClCompile>
    <ClCompile Include="src\qbRayTrace\QBObjectSphere.cpp">
      <Filter>Source Files\qbRayTrace</Filter>
    </ClCompile>
  </ItemGroup>
  <ItemGroup>
    <ClInclude Include="src\CApp.h">
      <Filter>Source Files</Filter>
    </ClInclude>
    <ClInclude Include="src\qbRayTrace\QBImage.hpp">
      <Filter>Source Files\qbRayTrace</Filter>
    </ClInclude>
    <ClInclude Include="src\qbRayTrace\QBScene.hpp">
      <Filter>Source Files\qbRayTrace</Filter>
    </ClInclude>
    <ClInclude Include="src\qbRayTrace\QBRay.hpp">
      <Filter>Source Files\qbRayTrace</Filter>
    </ClInclude>
    <ClInclude Include="src\qbRayTrace\QBCamera.hpp">
      <Filter>Source Files\qbRayTrace</Filter>
    </ClInclude>
    <ClInclude Include="src\qbRayTrace\qbLinAlg\qbMatrix.h">
      <Filter>Source Files\qbRayTrace\qbLinAlg</Filter>
    </ClInclude>
    <ClInclude Include="src\qbRayTrace\qbLinAlg\qbMatrix33.hpp">
      <Filter>Source Files\qbRayTrace\qbLinAlg</Filter>
    </ClInclude>
    <ClInclude Include="src\qbRayTrace\qbLinAlg\qbMatrix44.hpp">
      <Filter>Source Files\qbRayTrace\qbLinAlg</Filter>
    </ClInclude>
    <ClInclude Include="src\qbRayTrace\qbLinAlg\qbVector.h">
      <Filter>Source Files\qbRayTrace\qbLinAlg</Filter>
    </ClInclude>
    <ClInclude Include="src\qbRayTrace\qbLinAlg\qbVector2.hpp">
      <Filter>Source Files\qbRayTrace\qbLinAlg</Filter>
    </ClInclude>
    <ClInclude Include="src\qbRayTrace\qbLinAlg\qbVector3.hpp">
      <Filter>Source Files\qbRayTrace\qbLinAlg</Filter>
    </ClInclude>
    <ClInclude Include="src\qbRayTrace\qbLinAlg\qbVector4.hpp">
      <Filter>Source Files\qbRayTrace\qbLinAlg</Filter>
    </ClInclude>
    <ClInclude Include="src\qbRayTrace\QBObjectBase.hpp">
      <Filter>Source Files\qbRayTrace</Filter>
    </ClInclude>
    <ClInclude Include="src\qbRayTrace\QBObjectSphere.hpp">
      <Filter>Source Files\qbRayTrace</Filter>
    </ClInclude>
  </ItemGroup>
</Project>