
Microsoft Visual Studio Solution File, Format Version 12.00
# Visual Studio Version 16
VisualStudioVersion = 16.0.34031.81
MinimumVisualStudioVersion = 10.0.40219.1
Project("{8BC9CEB8-8B4A-11D0-8D11-00A0C91BC942}") = "RT_QBRay_Ep01", "RT_QBRay_Ep01\RT_QBRay_Ep01.vcxproj", "{C83E371D-EF78-4A8F-B5DA-E754F6E8EB7F}"
EndProject
Project("{8BC9CEB8-8B4A-11D0-8D11-00A0C91BC942}") = "RT_QBRay_Ep02 - CameraGeometry", "RT_QBRay_Ep02 - CameraGeometry\RT_QBRay_Ep02 - CameraGeometry.vcxproj", "{25523BC4-CAA8-4902-A1C4-ABB785BDCBDB}"
EndProject
Project("{8BC9CEB8-8B4A-11D0-8D11-00A0C91BC942}") = "RT_QBRay_Ep03 - RaySphereIntersection", "RT_QBRay_Ep03 - RaySphereIntersection\RT_QBRay_Ep03 - RaySphereIntersection.vcxproj", "{E54EE9A5-5AE1-4107-A60B-AE809CE672E8}"
EndProject
Project("{8BC9CEB8-8B4A-11D0-8D11-00A0C91BC942}") = "RT_QBRay_Ep04 - Light", "RT_QBRay_Ep04 - Light\RT_QBRay_Ep04 - Light.vcxproj", "{E33C6840-C59B-4DD1-8EFB-9B7983EDBD36}"
EndProject
Project("{8BC9CEB8-8B4A-11D0-8D11-00A0C91BC942}") = "RT_QBRay_Ep05 - GeometricTransforms", "RT_QBRay_Ep05 - GeometricTransforms\RT_QBRay_Ep05 - GeometricTransforms.vcxproj", "{990E9A31-E068-4E87-84F0-C69C70365EB5}"
EndProject
Project("{8BC9CEB8-8B4A-11D0-8D11-00A0C91BC942}") = "RT_QBRay_Ep06 - PlanesAndShadows", "RT_QBRay_Ep06 - PlanesAndShadows\RT_QBRay_Ep06 - PlanesAndShadows.vcxproj", "{E5DE7AA6-66B3-43F0-9A74-D6E98C0AD8C3}"
EndProject
Project("{8BC9CEB8-8B4A-11D0-8D11-00A0C91BC942}") = "RT_QBRay_Ep07 - SimpleMaterials", "RT_QBRay_Ep07 - SimpleMaterials\RT_QBRay_Ep07 - SimpleMaterials.vcxproj", "{F8E26D64-A6AB-463A-A8EF-7BEF5A8A2E74}"
EndProject
Project("{8BC9CEB8-8B4A-11D0-8D11-00A0C91BC942}") = "RT_QBRay_Ep08 - ConesAndCylinders", "RT_QBRay_Ep08 - ConesAndCylinders\RT_QBRay_Ep08 - ConesAndCylinders.vcxproj", "{F0E801E0-8460-4FE3-9A28-5B55FA1C73EC}"
EndProject
Project("{8BC9CEB8-8B4A-11D0-8D11-00A0C91BC942}") = "RT_QBRay_Ep09 - UVSpaceAndTextures", "RT_QBRay_Ep09 - UVSpaceAndTextures\RT_QBRay_Ep09 - UVSpaceAndTextures.vcxproj", "{86270391-FF0D-477A-94D5-4D326A5C80AD}"
EndProject
Project("{8BC9CEB8-8B4A-11D0-8D11-00A0C91BC942}") = "RT_QBRay_Ep09a - ImageTextures", "RT_QBRay_Ep09a - ImageTextures\RT_QBRay_Ep09a - ImageTextures.vcxproj", "{6F7F4247-8031-4582-8025-E1DFC24EB3D2}"
EndProject
Project("{8BC9CEB8-8B4A-11D0-8D11-00A0C91BC942}") = "RT_QBRay_Ep10 - RefractiveMaterials", "RT_QBRay_Ep10 - RefractiveMaterials\RT_QBRay_Ep10 - RefractiveMaterials.vcxproj", "{8AE5FA69-A46E-4154-A86B-CDFDCBB7BC08}"
EndProject
Project("{8BC9CEB8-8B4A-11D0-8D11-00A0C91BC942}") = "RT_QBRay_Ep11 - FixingTheNormals", "RT_QBRay_Ep11 - FixingTheNormals\RT_QBRay_Ep11 - FixingTheNormals.vcxproj", "{38777345-4736-4E12-A9A9-874A0E9B3511}"
EndProject
Project("{8BC9CEB8-8B4A-11D0-8D11-00A0C91BC942}") = "RT_QBRay_Ep12 - Boxes", "RT_QBRay_Ep12 - Boxes\RT_QBRay_Ep12 - Boxes.vcxproj", "{F2EAF43B-2A0C-4018-A016-F61B42C40517}"
EndProject
Project("{8BC9CEB8-8B4A-11D0-8D11-00A0C91BC942}") = "RT_QBRay_Ep13 - RayTracingVsRayMarching", "RT_QBRay_Ep13 - RayTracingVsRayMarching\RT_QBRay_Ep13 - RayTracingVsRayMarching.vcxproj", "{8063D41D-DFAD-431E-9BCA-D4414F27C5A2}"
EndProject
Project("{8BC9CEB8-8B4A-11D0-8D11-00A0C91BC942}") = "RT_QBRay_Ep14 - ProceduralTextures-Part1", "RT_QBRay_Ep14 - ProceduralTextures-Part1\RT_QBRay_Ep14 - ProceduralTextures-Part1.vcxproj", "{B4FFD2EA-5F72-4EC2-A2C6-3EF4D4BED5F4}"
EndProject
Project("{8BC9CEB8-8B4A-11D0-8D11-00A0C91BC942}") = "RT_QBRay_Ep15 - ProceduralTextures-Part2_ValueNoise", "RT_QBRay_Ep15 - ProceduralTextures-Part2_ValueNoise\RT_QBRay_Ep15 - ProceduralTextures-Part2_ValueNoise.vcxproj", "{A56CBA19-2729-44F6-9F4F-50CF3488BB4C}"
EndProject
Project("{8BC9CEB8-8B4A-11D0-8D11-00A0C91BC942}") = "RT_QBRay_Ep16 - ProceduralTextures-Part3_GradientNoise", "RT_QBRay_Ep16 - ProceduralTextures-Part3_GradientNoise\RT_QBRay_Ep16 - ProceduralTextures-Part3_GradientNoise.vcxproj", "{465839B1-4BF5-448B-813E-30C1BA27D225}"
EndProject
Project("{8BC9CEB8-8B4A-11D0-8D11-00A0C91BC942}") = "RT_QBRay_Ep17 - NormalMaps-Part1", "RT_QBRay_Ep17 - NormalMaps-Part1\RT_QBRay_Ep17 - NormalMaps-Part1.vcxproj", "{31A207BC-A46D-4796-AFD2-81CA4F72F30C}"
EndProject
Project("{8BC9CEB8-8B4A-11D0-8D11-00A0C91BC942}") = "RT_QBRay_Ep18 - NormalMaps-Part2_TextureBased", "RT_QBRay_Ep18 - NormalMaps-Part2_TextureBased\RT_QBRay_Ep18 - NormalMaps-Part2_TextureBased.vcxproj", "{0E0B374D-0CC2-4484-9C6E-AEF5BA380D55}"
EndProject
Project("{8BC9CEB8-8B4A-11D0-8D11-00A0C91BC942}") = "RT_QBRay_Ep19 - NormalMaps-Part3_ImageBased", "RT_QBRay_Ep19 - NormalMaps-Part3_ImageBased\RT_QBRay_Ep19 - NormalMaps-Part3_ImageBased.vcxproj", "{34B52267-7615-4541-9C5E-0672641AA3A2}"
EndProject
Project("{8BC9CEB8-8B4A-11D0-8D11-00A0C91BC942}") = "RT_QBRay_Ep21 - UVProjection", "RT_QBRay_Ep21 - UVProjection\RT_QBRay_Ep21 - UVProjection.vcxproj", "{C1ECA9EB-00E4-44DF-A3FE-96F292211B95}"
EndProject
Project("{8BC9CEB8-8B4A-11D0-8D11-00A0C91BC942}") = "RT_QBRay_Ep22 - BoundingBoxesAndCompositeShapes", "RT_QBRay_Ep22 - BoundingBoxesAndCompositeShapes\RT_QBRay_Ep22 - BoundingBoxesAndCompositeShapes.vcxproj", "{13AC21A7-6155-46CB-BE27-75ADF308A44B}"
EndProject
Project("{8BC9CEB8-8B4A-11D0-8D11-00A0C91BC942}") = "RT_QBRay_Ep23 - Performance", "RT_QBRay_Ep23 - Performance\RT_QBRay_Ep23 - Performance.vcxproj", "{F32180B5-EC89-4122-B1F0-987A345BBA61}"
EndProject
Project("{8BC9CEB8-8B4A-11D0-8D11-00A0C91BC942}") = "RT_QBRay_Ep24 - ProfilingAndDebugging", "RT_QBRay_Ep24 - ProfilingAndDebugging\RT_QBRay_Ep24 - ProfilingAndDebugging.vcxproj", "{E442AE28-0D44-4DCC-B373-A40011624BD3}"
EndProject
Project("{8BC9CEB8-8B4A-11D0-8D11-00A0C91BC942}") = "RT_QBRay_Ep25 - FasterLinearAlgebra", "RT_QBRay_Ep25 - FasterLinearAlgebra\RT_QBRay_Ep25 - FasterLinearAlgebra.vcxproj", "{C7E6F743-1C7C-4E19-8EC1-B94D97E784B1}"
EndProject
Project("{8BC9CEB8-8B4A-11D0-8D11-00A0C91BC942}") = "RT_QBRay_Ep26 - TileBasedRendering", "RT_QBRay_Ep26 - TileBasedRendering\RT_QBRay_Ep26 - TileBasedRendering.vcxproj", "{E3F18062-EF9C-4C15-BAF3-C7DF9A9B489A}"
EndProject
Project("{8BC9CEB8-8B4A-11D0-8D11-00A0C91BC942}") = "RT_QBRay_Ep27 - Multithreading", "RT_QBRay_Ep27 - Multithreading\RT_QBRay_Ep27 - Multithreading.vcxproj", "{243FBF5E-3A93-4714-A051-836A44FD8814}"
EndProject
Global
	GlobalSection(SolutionConfigurationPlatforms) = preSolution
		Debug|x64 = Debug|x64
		Debug|x86 = Debug|x86
		Release|x64 = Release|x64
		Release|x86 = Release|x86
		RelWithDebInfo|x64 = RelWithDebInfo|x64
		RelWithDebInfo|x86 = RelWithDebInfo|x86
	EndGlobalSection
	GlobalSection(ProjectConfigurationPlatforms) = postSolution
		{C83E371D-EF78-4A8F-B5DA-E754F6E8EB7F}.Debug|x64.ActiveCfg = Debug|x64
		{C83E371D-EF78-4A8F-B5DA-E754F6E8EB7F}.Debug|x64.Build.0 = Debug|x64
		{C83E371D-EF78-4A8F-B5DA-E754F6E8EB7F}.Debug|x86.ActiveCfg = Debug|Win32
		{C83E371D-EF78-4A8F-B5DA-E754F6E8EB7F}.Debug|x86.Build.0 = Debug|Win32
		{C83E371D-EF78-4A8F-B5DA-E754F6E8EB7F}.Release|x64.ActiveCfg = Release|x64
		{C83E371D-EF78-4A8F-B5DA-E754F6E8EB7F}.Release|x64.Build.0 = Release|x64
		{C83E371D-EF78-4A8F-B5DA-E754F6E8EB7F}.Release|x86.ActiveCfg = Release|Win32
		{C83E371D-EF78-4A8F-B5DA-E754F6E8EB7F}.Release|x86.Build.0 = Release|Win32
		{C83E371D-EF78-4A8F-B5DA-E754F6E8EB7F}.RelWithDebInfo|x64.ActiveCfg = RelWithDebInfo|x64
		{C83E371D-EF78-4A8F-B5DA-E754F6E8EB7F}.RelWithDebInfo|x64.Build.0 = RelWithDebInfo|x64
		{C83E371D-EF78-4A8F-B5DA-E754F6E8EB7F}.RelWithDebInfo|x86.ActiveCfg = RelWithDebInfo|Win32
		{C83E371D-EF78-4A8F-B5DA-E754F6E8EB7F}.RelWithDebInfo|x86.Build.0 = RelWithDebInfo|Win32
		{25523BC4-CAA8-4902-A1C4-ABB785BDCBDB}.Debug|x64.ActiveCfg = Debug|x64
		{25523BC4-CAA8-4902-A1C4-ABB785BDCBDB}.Debug|x64.Build.0 = Debug|x64
		{25523BC4-CAA8-4902-A1C4-ABB785BDCBDB}.Debug|x86.ActiveCfg = Debug|Win32
		{25523BC4-CAA8-4902-A1C4-ABB785BDCBDB}.Debug|x86.Build.0 = Debug|Win32
		{25523BC4-CAA8-4902-A1C4-ABB785BDCBDB}.Release|x64.ActiveCfg = Release|x64
		{25523BC4-CAA8-4902-A1C4-ABB785BDCBDB}.Release|x64.Build.0 = Release|x64
		{25523BC4-CAA8-4902-A1C4-ABB785BDCBDB}.Release|x86.ActiveCfg = Release|Win32
		{25523BC4-CAA8-4902-A1C4-ABB785BDCBDB}.Release|x86.Build.0 = Release|Win32
		{25523BC4-CAA8-4902-A1C4-ABB785BDCBDB}.RelWithDebInfo|x64.ActiveCfg = RelWithDebInfo|x64
		{25523BC4-CAA8-4902-A1C4-ABB785BDCBDB}.RelWithDebInfo|x64.Build.0 = RelWithDebInfo|x64
		{25523BC4-CAA8-4902-A1C4-ABB785BDCBDB}.RelWithDebInfo|x86.ActiveCfg = RelWithDebInfo|Win32
		{25523BC4-CAA8-4902-A1C4-ABB785BDCBDB}.RelWithDebInfo|x86.Build.0 = RelWithDebInfo|Win32
		{E54EE9A5-5AE1-4107-A60B-AE809CE672E8}.Debug|x64.ActiveCfg = Debug|x64
		{E54EE9A5-5AE1-4107-A60B-AE809CE672E8}.Debug|x64.Build.0 = Debug|x64
		{E54EE9A5-5AE1-4107-A60B-AE809CE672E8}.Debug|x86.ActiveCfg = Debug|Win32
		{E54EE9A5-5AE1-4107-A60B-AE809CE672E8}.Debug|x86.Build.0 = Debug|Win32
		{E54EE9A5-5AE1-4107-A60B-AE809CE672E8}.Release|x64.ActiveCfg = Release|x64
		{E54EE9A5-5AE1-4107-A60B-AE809CE672E8}.Release|x64.Build.0 = Release|x64
		{E54EE9A5-5AE1-4107-A60B-AE809CE672E8}.Release|x86.ActiveCfg = Release|Win32
		{E54EE9A5-5AE1-4107-A60B-AE809CE672E8}.Release|x86.Build.0 = Release|Win32
		{E54EE9A5-5AE1-4107-A60B-AE809CE672E8}.RelWithDebInfo|x64.ActiveCfg = RelWithDebInfo|x64
		{E54EE9A5-5AE1-4107-A60B-AE809CE672E8}.RelWithDebInfo|x64.Build.0 = RelWithDebInfo|x64
		{E54EE9A5-5AE1-4107-A60B-AE809CE672E8}.RelWithDebInfo|x86.ActiveCfg = RelWithDebInfo|Win32
		{E54EE9A5-5AE1-4107-A60B-AE809CE672E8}.RelWithDebInfo|x86.Build.0 = RelWithDebInfo|Win32
		{E33C6840-C59B-4DD1-8EFB-9B7983EDBD36}.Debug|x64.ActiveCfg = Debug|x64
		{E33C6840-C59B-4DD1-8EFB-9B7983EDBD36}.Debug|x64.Build.0 = Debug|x64
		{E33C6840-C59B-4DD1-8EFB-9B7983EDBD36}.Debug|x86.ActiveCfg = Debug|Win32
		{E33C6840-C59B-4DD1-8EFB-9B7983EDBD36}.Debug|x86.Build.0 = Debug|Win32
		{E33C6840-C59B-4DD1-8EFB-9B7983EDBD36}.Release|x64.ActiveCfg = Release|x64
		{E33C6840-C59B-4DD1-8EFB-9B7983EDBD36}.Release|x64.Build.0 = Release|x64
		{E33C6840-C59B-4DD1-8EFB-9B7983EDBD36}.Release|x86.ActiveCfg = Release|Win32
		{E33C6840-C59B-4DD1-8EFB-9B7983EDBD36}.Release|x86.Build.0 = Release|Win32
		{E33C6840-C59B-4DD1-8EFB-9B7983EDBD36}.RelWithDebInfo|x64.ActiveCfg = RelWithDebInfo|x64
		{E33C6840-C59B-4DD1-8EFB-9B7983EDBD36}.RelWithDebInfo|x64.Build.0 = RelWithDebInfo|x64
		{E33C6840-C59B-4DD1-8EFB-9B7983EDBD36}.RelWithDebInfo|x86.ActiveCfg = RelWithDebInfo|Win32
		{E33C6840-C59B-4DD1-8EFB-9B7983EDBD36}.RelWithDebInfo|x86.Build.0 = RelWithDebInfo|Win32
		{990E9A31-E068-4E87-84F0-C69C70365EB5}.Debug|x64.ActiveCfg = Debug|x64
		{990E9A31-E068-4E87-84F0-C69C70365EB5}.Debug|x64.Build.0 = Debug|x64
		{990E9A31-E068-4E87-84F0-C69C70365EB5}.Debug|x86.ActiveCfg = Debug|Win32
		{990E9A31-E068-4E87-84F0-C69C70365EB5}.Debug|x86.Build.0 = Debug|Win32
		{990E9A31-E068-4E87-84F0-C69C70365EB5}.Release|x64.ActiveCfg = Release|x64
		{990E9A31-E068-4E87-84F0-C69C70365EB5}.Release|x64.Build.0 = Release|x64
		{990E9A31-E068-4E87-84F0-C69C70365EB5}.Release|x86.ActiveCfg = Release|Win32
		{990E9A31-E068-4E87-84F0-C69C70365EB5}.Release|x86.Build.0 = Release|Win32
		{990E9A31-E068-4E87-84F0-C69C70365EB5}.RelWithDebInfo|x64.ActiveCfg = RelWithDebInfo|x64
		{990E9A31-E068-4E87-84F0-C69C70365EB5}.RelWithDebInfo|x64.Build.0 = RelWithDebInfo|x64
		{990E9A31-E068-4E87-84F0-C69C70365EB5}.RelWithDebInfo|x86.ActiveCfg = RelWithDebInfo|Win32
		{990E9A31-E068-4E87-84F0-C69C70365EB5}.RelWithDebInfo|x86.Build.0 = RelWithDebInfo|Win32
		{E5DE7AA6-66B3-43F0-9A74-D6E98C0AD8C3}.Debug|x64.ActiveCfg = Debug|x64
		{E5DE7AA6-66B3-43F0-9A74-D6E98C0AD8C3}.Debug|x64.Build.0 = Debug|x64
		{E5DE7AA6-66B3-43F0-9A74-D6E98C0AD8C3}.Debug|x86.ActiveCfg = Debug|Win32
		{E5DE7AA6-66B3-43F0-9A74-D6E98C0AD8C3}.Debug|x86.Build.0 = Debug|Win32
		{E5DE7AA6-66B3-43F0-9A74-D6E98C0AD8C3}.Release|x64.ActiveCfg = Release|x64
		{E5DE7AA6-66B3-43F0-9A74-D6E98C0AD8C3}.Release|x64.Build.0 = Release|x64
		{E5DE7AA6-66B3-43F0-9A74-D6E98C0AD8C3}.Release|x86.ActiveCfg = Release|Win32
		{E5DE7AA6-66B3-43F0-9A74-D6E98C0AD8C3}.Release|x86.Build.0 = Release|Win32
		{E5DE7AA6-66B3-43F0-9A74-D6E98C0AD8C3}.RelWithDebInfo|x64.ActiveCfg = RelWithDebInfo|x64
		{E5DE7AA6-66B3-43F0-9A74-D6E98C0AD8C3}.RelWithDebInfo|x64.Build.0 = RelWithDebInfo|x64
		{E5DE7AA6-66B3-43F0-9A74-D6E98C0AD8C3}.RelWithDebInfo|x86.ActiveCfg = RelWithDebInfo|Win32
		{E5DE7AA6-66B3-43F0-9A74-D6E98C0AD8C3}.RelWithDebInfo|x86.Build.0 = RelWithDebInfo|Win32
		{F8E26D64-A6AB-463A-A8EF-7BEF5A8A2E74}.Debug|x64.ActiveCfg = Debug|x64
		{F8E26D64-A6AB-463A-A8EF-7BEF5A8A2E74}.Debug|x64.Build.0 = Debug|x64
		{F8E26D64-A6AB-463A-A8EF-7BEF5A8A2E74}.Debug|x86.ActiveCfg = Debug|Win32
		{F8E26D64-A6AB-463A-A8EF-7BEF5A8A2E74}.Debug|x86.Build.0 = Debug|Win32
		{F8E26D64-A6AB-463A-A8EF-7BEF5A8A2E74}.Release|x64.ActiveCfg = Release|x64
		{F8E26D64-A6AB-463A-A8EF-7BEF5A8A2E74}.Release|x64.Build.0 = Release|x64
		{F8E26D64-A6AB-463A-A8EF-7BEF5A8A2E74}.Release|x86.ActiveCfg = Release|Win32
		{F8E26D64-A6AB-463A-A8EF-7BEF5A8A2E74}.Release|x86.Build.0 = Release|Win32
		{F8E26D64-A6AB-463A-A8EF-7BEF5A8A2E74}.RelWithDebInfo|x64.ActiveCfg = RelWithDebInfo|x64
		{F8E26D64-A6AB-463A-A8EF-7BEF5A8A2E74}.RelWithDebInfo|x64.Build.0 = RelWithDebInfo|x64
		{F8E26D64-A6AB-463A-A8EF-7BEF5A8A2E74}.RelWithDebInfo|x86.ActiveCfg = RelWithDebInfo|Win32
		{F8E26D64-A6AB-463A-A8EF-7BEF5A8A2E74}.RelWithDebInfo|x86.Build.0 = RelWithDebInfo|Win32
		{F0E801E0-8460-4FE3-9A28-5B55FA1C73EC}.Debug|x64.ActiveCfg = Debug|x64
		{F0E801E0-8460-4FE3-9A28-5B55FA1C73EC}.Debug|x64.Build.0 = Debug|x64
		{F0E801E0-8460-4FE3-9A28-5B55FA1C73EC}.Debug|x86.ActiveCfg = Debug|Win32
		{F0E801E0-8460-4FE3-9A28-5B55FA1C73EC}.Debug|x86.Build.0 = Debug|Win32
		{F0E801E0-8460-4FE3-9A28-5B55FA1C73EC}.Release|x64.ActiveCfg = Release|x64
		{F0E801E0-8460-4FE3-9A28-5B55FA1C73EC}.Release|x64.Build.0 = Release|x64
		{F0E801E0-8460-4FE3-9A28-5B55FA1C73EC}.Release|x86.ActiveCfg = Release|Win32
		{F0E801E0-8460-4FE3-9A28-5B55FA1C73EC}.Release|x86.Build.0 = Release|Win32
		{F0E801E0-8460-4FE3-9A28-5B55FA1C73EC}.RelWithDebInfo|x64.ActiveCfg = RelWithDebInfo|x64
		{F0E801E0-8460-4FE3-9A28-5B55FA1C73EC}.RelWithDebInfo|x64.Build.0 = RelWithDebInfo|x64
		{F0E801E0-8460-4FE3-9A28-5B55FA1C73EC}.RelWithDebInfo|x86.ActiveCfg = RelWithDebInfo|Win32
		{F0E801E0-8460-4FE3-9A28-5B55FA1C73EC}.RelWithDebInfo|x86.Build.0 = RelWithDebInfo|Win32
		{86270391-FF0D-477A-94D5-4D326A5C80AD}.Debug|x64.ActiveCfg = Debug|x64
		{86270391-FF0D-477A-94D5-4D326A5C80AD}.Debug|x64.Build.0 = Debug|x64
		{86270391-FF0D-477A-94D5-4D326A5C80AD}.Debug|x86.ActiveCfg = Debug|Win32
		{86270391-FF0D-477A-94D5-4D326A5C80AD}.Debug|x86.Build.0 = Debug|Win32
		{86270391-FF0D-477A-94D5-4D326A5C80AD}.Release|x64.ActiveCfg = Release|x64
		{86270391-FF0D-477A-94D5-4D326A5C80AD}.Release|x64.Build.0 = Release|x64
		{86270391-FF0D-477A-94D5-4D326A5C80AD}.Release|x86.ActiveCfg = Release|Win32
		{86270391-FF0D-477A-94D5-4D326A5C80AD}.Release|x86.Build.0 = Release|Win32
		{86270391-FF0D-477A-94D5-4D326A5C80AD}.RelWithDebInfo|x64.ActiveCfg = RelWithDebInfo|x64
		{86270391-FF0D-477A-94D5-4D326A5C80AD}.RelWithDebInfo|x64.Build.0 = RelWithDebInfo|x64
		{86270391-FF0D-477A-94D5-4D326A5C80AD}.RelWithDebInfo|x86.ActiveCfg = RelWithDebInfo|Win32
		{86270391-FF0D-477A-94D5-4D326A5C80AD}.RelWithDebInfo|x86.Build.0 = RelWithDebInfo|Win32
		{6F7F4247-8031-4582-8025-E1DFC24EB3D2}.Debug|x64.ActiveCfg = Debug|x64
		{6F7F4247-8031-4582-8025-E1DFC24EB3D2}.Debug|x64.Build.0 = Debug|x64
		{6F7F4247-8031-4582-8025-E1DFC24EB3D2}.Debug|x86.ActiveCfg = Debug|Win32
		{6F7F4247-8031-4582-8025-E1DFC24EB3D2}.Debug|x86.Build.0 = Debug|Win32
		{6F7F4247-8031-4582-8025-E1DFC24EB3D2}.Release|x64.ActiveCfg = Release|x64
		{6F7F4247-8031-4582-8025-E1DFC24EB3D2}.Release|x64.Build.0 = Release|x64
		{6F7F4247-8031-4582-8025-E1DFC24EB3D2}.Release|x86.ActiveCfg = Release|Win32
		{6F7F4247-8031-4582-8025-E1DFC24EB3D2}.Release|x86.Build.0 = Release|Win32
		{6F7F4247-8031-4582-8025-E1DFC24EB3D2}.RelWithDebInfo|x64.ActiveCfg = RelWithDebInfo|x64
		{6F7F4247-8031-4582-8025-E1DFC24EB3D2}.RelWithDebInfo|x64.Build.0 = RelWithDebInfo|x64
		{6F7F4247-8031-4582-8025-E1DFC24EB3D2}.RelWithDebInfo|x86.ActiveCfg = RelWithDebInfo|Win32
		{6F7F4247-8031-4582-8025-E1DFC24EB3D2}.RelWithDebInfo|x86.Build.0 = RelWithDebInfo|Win32
		{8AE5FA69-A46E-4154-A86B-CDFDCBB7BC08}.Debug|x64.ActiveCfg = Debug|x64
		{8AE5FA69-A46E-4154-A86B-CDFDCBB7BC08}.Debug|x64.Build.0 = Debug|x64
		{8AE5FA69-A46E-4154-A86B-CDFDCBB7BC08}.Debug|x86.ActiveCfg = Debug|Win32
		{8AE5FA69-A46E-4154-A86B-CDFDCBB7BC08}.Debug|x86.Build.0 = Debug|Win32
		{8AE5FA69-A46E-4154-A86B-CDFDCBB7BC08}.Release|x64.ActiveCfg = Release|x64
		{8AE5FA69-A46E-4154-A86B-CDFDCBB7BC08}.Release|x64.Build.0 = Release|x64
		{8AE5FA69-A46E-4154-A86B-CDFDCBB7BC08}.Release|x86.ActiveCfg = Release|Win32
		{8AE5FA69-A46E-4154-A86B-CDFDCBB7BC08}.Release|x86.Build.0 = Release|Win32
		{8AE5FA69-A46E-4154-A86B-CDFDCBB7BC08}.RelWithDebInfo|x64.ActiveCfg = RelWithDebInfo|x64
		{8AE5FA69-A46E-4154-A86B-CDFDCBB7BC08}.RelWithDebInfo|x64.Build.0 = RelWithDebInfo|x64
		{8AE5FA69-A46E-4154-A86B-CDFDCBB7BC08}.RelWithDebInfo|x86.ActiveCfg = RelWithDebInfo|Win32
		{8AE5FA69-A46E-4154-A86B-CDFDCBB7BC08}.RelWithDebInfo|x86.Build.0 = RelWithDebInfo|Win32
		{38777345-4736-4E12-A9A9-874A0E9B3511}.Debug|x64.ActiveCfg = Debug|x64
		{38777345-4736-4E12-A9A9-874A0E9B3511}.Debug|x64.Build.0 = Debug|x64
		{38777345-4736-4E12-A9A9-874A0E9B3511}.Debug|x86.ActiveCfg = Debug|Win32
		{38777345-4736-4E12-A9A9-874A0E9B3511}.Debug|x86.Build.0 = Debug|Win32
		{38777345-4736-4E12-A9A9-874A0E9B3511}.Release|x64.ActiveCfg = Release|x64
		{38777345-4736-4E12-A9A9-874A0E9B3511}.Release|x64.Build.0 = Release|x64
		{38777345-4736-4E12-A9A9-874A0E9B3511}.Release|x86.ActiveCfg = Release|Win32
		{38777345-4736-4E12-A9A9-874A0E9B3511}.Release|x86.Build.0 = Release|Win32
		{38777345-4736-4E12-A9A9-874A0E9B3511}.RelWithDebInfo|x64.ActiveCfg = RelWithDebInfo|x64
		{38777345-4736-4E12-A9A9-874A0E9B3511}.RelWithDebInfo|x64.Build.0 = RelWithDebInfo|x64
		{38777345-4736-4E12-A9A9-874A0E9B3511}.RelWithDebInfo|x86.ActiveCfg = RelWithDebInfo|Win32
		{38777345-4736-4E12-A9A9-874A0E9B3511}.RelWithDebInfo|x86.Build.0 = RelWithDebInfo|Win32
		{F2EAF43B-2A0C-4018-A016-F61B42C40517}.Debug|x64.ActiveCfg = Debug|x64
		{F2EAF43B-2A0C-4018-A016-F61B42C40517}.Debug|x64.Build.0 = Debug|x64
		{F2EAF43B-2A0C-4018-A016-F61B42C40517}.Debug|x86.ActiveCfg = Debug|Win32
		{F2EAF43B-2A0C-4018-A016-F61B42C40517}.Debug|x86.Build.0 = Debug|Win32
		{F2EAF43B-2A0C-4018-A016-F61B42C40517}.Release|x64.ActiveCfg = Release|x64
		{F2EAF43B-2A0C-4018-A016-F61B42C40517}.Release|x64.Build.0 = Release|x64
		{F2EAF43B-2A0C-4018-A016-F61B42C40517}.Release|x86.ActiveCfg = Release|Win32
		{F2EAF43B-2A0C-4018-A016-F61B42C40517}.Release|x86.Build.0 = Release|Win32
		{F2EAF43B-2A0C-4018-A016-F61B42C40517}.RelWithDebInfo|x64.ActiveCfg = RelWithDebInfo|x64
		{F2EAF43B-2A0C-4018-A016-F61B42C40517}.RelWithDebInfo|x64.Build.0 = RelWithDebInfo|x64
		{F2EAF43B-2A0C-4018-A016-F61B42C40517}.RelWithDebInfo|x86.ActiveCfg = RelWithDebInfo|Win32
		{F2EAF43B-2A0C-4018-A016-F61B42C40517}.RelWithDebInfo|x86.Build.0 = RelWithDebInfo|Win32
		{8063D41D-DFAD-431E-9BCA-D4414F27C5A2}.Debug|x64.ActiveCfg = Debug|x64
		{8063D41D-DFAD-431E-9BCA-D4414F27C5A2}.Debug|x64.Build.0 = Debug|x64
		{8063D41D-DFAD-431E-9BCA-D4414F27C5A2}.Debug|x86.ActiveCfg = Debug|Win32
		{8063D41D-DFAD-431E-9BCA-D4414F27C5A2}.Debug|x86.Build.0 = Debug|Win32
		{8063D41D-DFAD-431E-9BCA-D4414F27C5A2}.Release|x64.ActiveCfg = Release|x64
		{8063D41D-DFAD-431E-9BCA-D4414F27C5A2}.Release|x64.Build.0 = Release|x64
		{8063D41D-DFAD-431E-9BCA-D4414F27C5A2}.Release|x86.ActiveCfg = Release|Win32
		{8063D41D-DFAD-431E-9BCA-D4414F27C5A2}.Release|x86.Build.0 = Release|Win32
		{8063D41D-DFAD-431E-9BCA-D4414F27C5A2}.RelWithDebInfo|x64.ActiveCfg = RelWithDebInfo|x64
		{8063D41D-DFAD-431E-9BCA-D4414F27C5A2}.RelWithDebInfo|x64.Build.0 = RelWithDebInfo|x64
		{8063D41D-DFAD-431E-9BCA-D4414F27C5A2}.RelWithDebInfo|x86.ActiveCfg = RelWithDebInfo|Win32
		{8063D41D-DFAD-431E-9BCA-D4414F27C5A2}.RelWithDebInfo|x86.Build.0 = RelWithDebInfo|Win32
		{B4FFD2EA-5F72-4EC2-A2C6-3EF4D4BED5F4}.Debug|x64.ActiveCfg = Debug|x64
		{B4FFD2EA-5F72-4EC2-A2C6-3EF4D4BED5F4}.Debug|x64.Build.0 = Debug|x64
		{B4FFD2EA-5F72-4EC2-A2C6-3EF4D4BED5F4}.Debug|x86.ActiveCfg = Debug|Win32
		{B4FFD2EA-5F72-4EC2-A2C6-3EF4D4BED5F4}.Debug|x86.Build.0 = Debug|Win32
		{B4FFD2EA-5F72-4EC2-A2C6-3EF4D4BED5F4}.Release|x64.ActiveCfg = Release|x64
		{B4FFD2EA-5F72-4EC2-A2C6-3EF4D4BED5F4}.Release|x64.Build.0 = Release|x64
		{B4FFD2EA-5F72-4EC2-A2C6-3EF4D4BED5F4}.Release|x86.ActiveCfg = Release|Win32
		{B4FFD2EA-5F72-4EC2-A2C6-3EF4D4BED5F4}.Release|x86.Build.0 = Release|Win32
		{B4FFD2EA-5F72-4EC2-A2C6-3EF4D4BED5F4}.RelWithDebInfo|x64.ActiveCfg = RelWithDebInfo|x64
		{B4FFD2EA-5F72-4EC2-A2C6-3EF4D4BED5F4}.RelWithDebInfo|x64.Build.0 = RelWithDebInfo|x64
		{B4FFD2EA-5F72-4EC2-A2C6-3EF4D4BED5F4}.RelWithDebInfo|x86.ActiveCfg = RelWithDebInfo|Win32
		{B4FFD2EA-5F72-4EC2-A2C6-3EF4D4BED5F4}.RelWithDebInfo|x86.Build.0 = RelWithDebInfo|Win32
		{A56CBA19-2729-44F6-9F4F-50CF3488BB4C}.Debug|x64.ActiveCfg = Debug|x64
		{A56CBA19-2729-44F6-9F4F-50CF3488BB4C}.Debug|x64.Build.0 = Debug|x64
		{A56CBA19-2729-44F6-9F4F-50CF3488BB4C}.Debug|x86.ActiveCfg = Debug|Win32
		{A56CBA19-2729-44F6-9F4F-50CF3488BB4C}.Debug|x86.Build.0 = Debug|Win32
		{A56CBA19-2729-44F6-9F4F-50CF3488BB4C}.Release|x64.ActiveCfg = Release|x64
		{A56CBA19-2729-44F6-9F4F-50CF3488BB4C}.Release|x64.Build.0 = Release|x64
		{A56CBA19-2729-44F6-9F4F-50CF3488BB4C}.Release|x86.ActiveCfg = Release|Win32
		{A56CBA19-2729-44F6-9F4F-50CF3488BB4C}.Release|x86.Build.0 = Release|Win32
		{A56CBA19-2729-44F6-9F4F-50CF3488BB4C}.RelWithDebInfo|x64.ActiveCfg = RelWithDebInfo|x64
		{A56CBA19-2729-44F6-9F4F-50CF3488BB4C}.RelWithDebInfo|x64.Build.0 = RelWithDebInfo|x64
		{A56CBA19-2729-44F6-9F4F-50CF3488BB4C}.RelWithDebInfo|x86.ActiveCfg = RelWithDebInfo|Win32
		{A56CBA19-2729-44F6-9F4F-50CF3488BB4C}.RelWithDebInfo|x86.Build.0 = RelWithDebInfo|Win32
		{465839B1-4BF5-448B-813E-30C1BA27D225}.Debug|x64.ActiveCfg = Debug|x64
		{465839B1-4BF5-448B-813E-30C1BA27D225}.Debug|x64.Build.0 = Debug|x64
		{465839B1-4BF5-448B-813E-30C1BA27D225}.Debug|x86.ActiveCfg = Debug|Win32
		{465839B1-4BF5-448B-813E-30C1BA27D225}.Debug|x86.Build.0 = Debug|Win32
		{465839B1-4BF5-448B-813E-30C1BA27D225}.Release|x64.ActiveCfg = Release|x64
		{465839B1-4BF5-448B-813E-30C1BA27D225}.Release|x64.Build.0 = Release|x64
		{465839B1-4BF5-448B-813E-30C1BA27D225}.Release|x86.ActiveCfg = Release|Win32
		{465839B1-4BF5-448B-813E-30C1BA27D225}.Release|x86.Build.0 = Release|Win32
		{465839B1-4BF5-448B-813E-30C1BA27D225}.RelWithDebInfo|x64.ActiveCfg = RelWithDebInfo|x64
		{465839B1-4BF5-448B-813E-30C1BA27D225}.RelWithDebInfo|x64.Build.0 = RelWithDebInfo|x64
		{465839B1-4BF5-448B-813E-30C1BA27D225}.RelWithDebInfo|x86.ActiveCfg = RelWithDebInfo|Win32
		{465839B1-4BF5-448B-813E-30C1BA27D225}.RelWithDebInfo|x86.Build.0 = RelWithDebInfo|Win32
		{31A207BC-A46D-4796-AFD2-81CA4F72F30C}.Debug|x64.ActiveCfg = Debug|x64
		{31A207BC-A46D-4796-AFD2-81CA4F72F30C}.Debug|x64.Build.0 = Debug|x64
		{31A207BC-A46D-4796-AFD2-81CA4F72F30C}.Debug|x86.ActiveCfg = Debug|Win32
		{31A207BC-A46D-4796-AFD2-81CA4F72F30C}.Debug|x86.Build.0 = Debug|Win32
		{31A207BC-A46D-4796-AFD2-81CA4F72F30C}.Release|x64.ActiveCfg = Release|x64
		{31A207BC-A46D-4796-AFD2-81CA4F72F30C}.Release|x64.Build.0 = Release|x64
		{31A207BC-A46D-4796-AFD2-81CA4F72F30C}.Release|x86.ActiveCfg = Release|Win32
		{31A207BC-A46D-4796-AFD2-81CA4F72F30C}.Release|x86.Build.0 = Release|Win32
		{31A207BC-A46D-4796-AFD2-81CA4F72F30C}.RelWithDebInfo|x64.ActiveCfg = RelWithDebInfo|x64
		{31A207BC-A46D-4796-AFD2-81CA4F72F30C}.RelWithDebInfo|x64.Build.0 = RelWithDebInfo|x64
		{31A207BC-A46D-4796-AFD2-81CA4F72F30C}.RelWithDebInfo|x86.ActiveCfg = RelWithDebInfo|Win32
		{31A207BC-A46D-4796-AFD2-81CA4F72F30C}.RelWithDebInfo|x86.Build.0 = RelWithDebInfo|Win32
		{0E0B374D-0CC2-4484-9C6E-AEF5BA380D55}.Debug|x64.ActiveCfg = Debug|x64
		{0E0B374D-0CC2-4484-9C6E-AEF5BA380D55}.Debug|x64.Build.0 = Debug|x64
		{0E0B374D-0CC2-4484-9C6E-AEF5BA380D55}.Debug|x86.ActiveCfg = Debug|Win32
		{0E0B374D-0CC2-4484-9C6E-AEF5BA380D55}.Debug|x86.Build.0 = Debug|Win32
		{0E0B374D-0CC2-4484-9C6E-AEF5BA380D55}.Release|x64.ActiveCfg = Release|x64
		{0E0B374D-0CC2-4484-9C6E-AEF5BA380D55}.Release|x64.Build.0 = Release|x64
		{0E0B374D-0CC2-4484-9C6E-AEF5BA380D55}.Release|x86.ActiveCfg = Release|Win32
		{0E0B374D-0CC2-4484-9C6E-AEF5BA380D55}.Release|x86.Build.0 = Release|Win32
		{0E0B374D-0CC2-4484-9C6E-AEF5BA380D55}.RelWithDebInfo|x64.ActiveCfg = RelWithDebInfo|x64
		{0E0B374D-0CC2-4484-9C6E-AEF5BA380D55}.RelWithDebInfo|x64.Build.0 = RelWithDebInfo|x64
		{0E0B374D-0CC2-4484-9C6E-AEF5BA380D55}.RelWithDebInfo|x86.ActiveCfg = RelWithDebInfo|Win32
		{0E0B374D-0CC2-4484-9C6E-AEF5BA380D55}.RelWithDebInfo|x86.Build.0 = RelWithDebInfo|Win32
		{34B52267-7615-4541-9C5E-0672641AA3A2}.Debug|x64.ActiveCfg = Debug|x64
		{34B52267-7615-4541-9C5E-0672641AA3A2}.Debug|x64.Build.0 = Debug|x64
		{34B52267-7615-4541-9C5E-0672641AA3A2}.Debug|x86.ActiveCfg = Debug|Win32
		{34B52267-7615-4541-9C5E-0672641AA3A2}.Debug|x86.Build.0 = Debug|Win32
		{34B52267-7615-4541-9C5E-0672641AA3A2}.Release|x64.ActiveCfg = Release|x64
		{34B52267-7615-4541-9C5E-0672641AA3A2}.Release|x64.Build.0 = Release|x64
		{34B52267-7615-4541-9C5E-0672641AA3A2}.Release|x86.ActiveCfg = Release|Win32
		{34B52267-7615-4541-9C5E-0672641AA3A2}.Release|x86.Build.0 = Release|Win32
		{34B52267-7615-4541-9C5E-0672641AA3A2}.RelWithDebInfo|x64.ActiveCfg = RelWithDebInfo|x64
		{34B52267-7615-4541-9C5E-0672641AA3A2}.RelWithDebInfo|x64.Build.0 = RelWithDebInfo|x64
		{34B52267-7615-4541-9C5E-0672641AA3A2}.RelWithDebInfo|x86.ActiveCfg = RelWithDebInfo|Win32
		{34B52267-7615-4541-9C5E-0672641AA3A2}.RelWithDebInfo|x86.Build.0 = RelWithDebInfo|Win32
		{C1ECA9EB-00E4-44DF-A3FE-96F292211B95}.Debug|x64.ActiveCfg = Debug|x64
		{C1ECA9EB-00E4-44DF-A3FE-96F292211B95}.Debug|x64.Build.0 = Debug|x64
		{C1ECA9EB-00E4-44DF-A3FE-96F292211B95}.Debug|x86.ActiveCfg = Debug|Win32
		{C1ECA9EB-00E4-44DF-A3FE-96F292211B95}.Debug|x86.Build.0 = Debug|Win32
		{C1ECA9EB-00E4-44DF-A3FE-96F292211B95}.Release|x64.ActiveCfg = Release|x64
		{C1ECA9EB-00E4-44DF-A3FE-96F292211B95}.Release|x64.Build.0 = Release|x64
		{C1ECA9EB-00E4-44DF-A3FE-96F292211B95}.Release|x86.ActiveCfg = Release|Win32
		{C1ECA9EB-00E4-44DF-A3FE-96F292211B95}.Release|x86.Build.0 = Release|Win32
		{C1ECA9EB-00E4-44DF-A3FE-96F292211B95}.RelWithDebInfo|x64.ActiveCfg = RelWithDebInfo|x64
		{C1ECA9EB-00E4-44DF-A3FE-96F292211B95}.RelWithDebInfo|x64.Build.0 = RelWithDebInfo|x64
		{C1ECA9EB-00E4-44DF-A3FE-96F292211B95}.RelWithDebInfo|x86.ActiveCfg = RelWithDebInfo|Win32
		{C1ECA9EB-00E4-44DF-A3FE-96F292211B95}.RelWithDebInfo|x86.Build.0 = RelWithDebInfo|Win32
		{13AC21A7-6155-46CB-BE27-75ADF308A44B}.Debug|x64.ActiveCfg = Debug|x64
		{13AC21A7-6155-46CB-BE27-75ADF308A44B}.Debug|x64.Build.0 = Debug|x64
		{13AC21A7-6155-46CB-BE27-75ADF308A44B}.Debug|x86.ActiveCfg = Debug|Win32
		{13AC21A7-6155-46CB-BE27-75ADF308A44B}.Debug|x86.Build.0 = Debug|Win32
		{13AC21A7-6155-46CB-BE27-75ADF308A44B}.Release|x64.ActiveCfg = Release|x64
		{13AC21A7-6155-46CB-BE27-75ADF308A44B}.Release|x64.Build.0 = Release|x64
		{13AC21A7-6155-46CB-BE27-75ADF308A44B}.Release|x86.ActiveCfg = Release|Win32
		{13AC21A7-6155-46CB-BE27-75ADF308A44B}.Release|x86.Build.0 = Release|Win32
		{13AC21A7-6155-46CB-BE27-75ADF308A44B}.RelWithDebInfo|x64.ActiveCfg = RelWithDebInfo|x64
		{13AC21A7-6155-46CB-BE27-75ADF308A44B}.RelWithDebInfo|x64.Build.0 = RelWithDebInfo|x64
		{13AC21A7-6155-46CB-BE27-75ADF308A44B}.RelWithDebInfo|x86.ActiveCfg = RelWithDebInfo|Win32
		{13AC21A7-6155-46CB-BE27-75ADF308A44B}.RelWithDebInfo|x86.Build.0 = RelWithDebInfo|Win32
		{F32180B5-EC89-4122-B1F0-987A345BBA61}.Debug|x64.ActiveCfg = Debug|x64
		{F32180B5-EC89-4122-B1F0-987A345BBA61}.Debug|x64.Build.0 = Debug|x64
		{F32180B5-EC89-4122-B1F0-987A345BBA61}.Debug|x86.ActiveCfg = Debug|Win32
		{F32180B5-EC89-4122-B1F0-987A345BBA61}.Debug|x86.Build.0 = Debug|Win32
		{F32180B5-EC89-4122-B1F0-987A345BBA61}.Release|x64.ActiveCfg = Release|x64
		{F32180B5-EC89-4122-B1F0-987A345BBA61}.Release|x64.Build.0 = Release|x64
		{F32180B5-EC89-4122-B1F0-987A345BBA61}.Release|x86.ActiveCfg = Release|Win32
		{F32180B5-EC89-4122-B1F0-987A345BBA61}.Release|x86.Build.0 = Release|Win32
		{F32180B5-EC89-4122-B1F0-987A345BBA61}.RelWithDebInfo|x64.ActiveCfg = RelWithDebInfo|x64
		{F32180B5-EC89-4122-B1F0-987A345BBA61}.RelWithDebInfo|x64.Build.0 = RelWithDebInfo|x64
		{F32180B5-EC89-4122-B1F0-987A345BBA61}.RelWithDebInfo|x86.ActiveCfg = RelWithDebInfo|Win32
		{F32180B5-EC89-4122-B1F0-987A345BBA61}.RelWithDebInfo|x86.Build.0 = RelWithDebInfo|Win32
		{E442AE28-0D44-4DCC-B373-A40011624BD3}.Debug|x64.ActiveCfg = Debug|x64
		{E442AE28-0D44-4DCC-B373-A40011624BD3}.Debug|x64.Build.0 = Debug|x64
		{E442AE28-0D44-4DCC-B373-A40011624BD3}.Debug|x86.ActiveCfg = Debug|Win32
		{E442AE28-0D44-4DCC-B373-A40011624BD3}.Debug|x86.Build.0 = Debug|Win32
		{E442AE28-0D44-4DCC-B373-A40011624BD3}.Release|x64.ActiveCfg = Release|x64
		{E442AE28-0D44-4DCC-B373-A40011624BD3}.Release|x64.Build.0 = Release|x64
		{E442AE28-0D44-4DCC-B373-A40011624BD3}.Release|x86.ActiveCfg = Release|Win32
		{E442AE28-0D44-4DCC-B373-A40011624BD3}.Release|x86.Build.0 = Release|Win32
		{E442AE28-0D44-4DCC-B373-A40011624BD3}.RelWithDebInfo|x64.ActiveCfg = RelWithDebInfo|x64
		{E442AE28-0D44-4DCC-B373-A40011624BD3}.RelWithDebInfo|x64.Build.0 = RelWithDebInfo|x64
		{E442AE28-0D44-4DCC-B373-A40011624BD3}.RelWithDebInfo|x86.ActiveCfg = RelWithDebInfo|Win32
		{E442AE28-0D44-4DCC-B373-A40011624BD3}.RelWithDebInfo|x86.Build.0 = RelWithDebInfo|Win32
		{C7E6F743-1C7C-4E19-8EC1-B94D97E784B1}.Debug|x64.ActiveCfg = Debug|x64
		{C7E6F743-1C7C-4E19-8EC1-B94D97E784B1}.Debug|x64.Build.0 = Debug|x64
		{C7E6F743-1C7C-4E19-8EC1-B94D97E784B1}.Debug|x86.ActiveCfg = Debug|Win32
		{C7E6F743-1C7C-4E19-8EC1-B94D97E784B1}.Debug|x86.Build.0 = Debug|Win32
		{C7E6F743-1C7C-4E19-8EC1-B94D97E784B1}.Release|x64.ActiveCfg = Release|x64
		{C7E6F743-1C7C-4E19-8EC1-B94D97E784B1}.Release|x64.Build.0 = Release|x64
		{C7E6F743-1C7C-4E19-8EC1-B94D97E784B1}.Release|x86.ActiveCfg = Release|Win32
		{C7E6F743-1C7C-4E19-8EC1-B94D97E784B1}.Release|x86.Build.0 = Release|Win32
		{C7E6F743-1C7C-4E19-8EC1-B94D97E784B1}.RelWithDebInfo|x64.ActiveCfg = RelWithDebInfo|x64
		{C7E6F743-1C7C-4E19-8EC1-B94D97E784B1}.RelWithDebInfo|x64.Build.0 = RelWithDebInfo|x64
		{C7E6F743-1C7C-4E19-8EC1-B94D97E784B1}.RelWithDebInfo|x86.ActiveCfg = RelWithDebInfo|Win32
		{C7E6F743-1C7C-4E19-8EC1-B94D97E784B1}.RelWithDebInfo|x86.Build.0 = RelWithDebInfo|Win32
		{E3F18062-EF9C-4C15-BAF3-C7DF9A9B489A}.Debug|x64.ActiveCfg = Debug|x64
		{E3F18062-EF9C-4C15-BAF3-C7DF9A9B489A}.Debug|x64.Build.0 = Debug|x64
		{E3F18062-EF9C-4C15-BAF3-C7DF9A9B489A}.Debug|x86.ActiveCfg = Debug|Win32
		{E3F18062-EF9C-4C15-BAF3-C7DF9A9B489A}.Debug|x86.Build.0 = Debug|Win32
		{E3F18062-EF9C-4C15-BAF3-C7DF9A9B489A}.Release|x64.ActiveCfg = Release|x64
		{E3F18062-EF9C-4C15-BAF3-C7DF9A9B489A}.Release|x64.Build.0 = Release|x64
		{E3F18062-EF9C-4C15-BAF3-C7DF9A9B489A}.Release|x86.ActiveCfg = Release|Win32
		{E3F18062-EF9C-4C15-BAF3-C7DF9A9B489A}.Release|x86.Build.0 = Release|Win32
		{E3F18062-EF9C-4C15-BAF3-C7DF9A9B489A}.RelWithDebInfo|x64.ActiveCfg = RelWithDebInfo|x64
		{E3F18062-EF9C-4C15-BAF3-C7DF9A9B489A}.RelWithDebInfo|x64.Build.0 = RelWithDebInfo|x64
		{E3F18062-EF9C-4C15-BAF3-C7DF9A9B489A}.RelWithDebInfo|x86.ActiveCfg = RelWithDebInfo|Win32
		{E3F18062-EF9C-4C15-BAF3-C7DF9A9B489A}.RelWithDebInfo|x86.Build.0 = RelWithDebInfo|Win32
		{243FBF5E-3A93-4714-A051-836A44FD8814}.Debug|x64.ActiveCfg = Debug|x64
		{243FBF5E-3A93-4714-A051-836A44FD8814}.Debug|x64.Build.0 = Debug|x64
		{243FBF5E-3A93-4714-A051-836A44FD8814}.Debug|x86.ActiveCfg = Debug|Win32
		{243FBF5E-3A93-4714-A051-836A44FD8814}.Debug|x86.Build.0 = Debug|Win32
		{243FBF5E-3A93-4714-A051-836A44FD8814}.Release|x64.ActiveCfg = Release|x64
		{243FBF5E-3A93-4714-A051-836A44FD8814}.Release|x64.Build.0 = Release|x64
		{243FBF5E-3A93-4714-A051-836A44FD8814}.Release|x86.ActiveCfg = Release|Win32
		{243FBF5E-3A93-4714-A051-836A44FD8814}.Release|x86.Build.0 = Release|Win32
		{243FBF5E-3A93-4714-A051-836A44FD8814}.RelWithDebInfo|x64.ActiveCfg = RelWithDebInfo|x64
		{243FBF5E-3A93-4714-A051-836A44FD8814}.RelWithDebInfo|x64.Build.0 = RelWithDebInfo|x64
		{243FBF5E-3A93-4714-A051-836A44FD8814}.RelWithDebInfo|x86.ActiveCfg = RelWithDebInfo|Win32
		{243FBF5E-3A93-4714-A051-836A44FD8814}.RelWithDebInfo|x86.Build.0 = RelWithDebInfo|Win32
	EndGlobalSection
	GlobalSection(SolutionProperties) = preSolution
		HideSolutionNode = FALSE
	EndGlobalSection
	GlobalSection(ExtensibilityGlobals) = postSolution
		SolutionGuid = {07CB4F66-B631-4CCC-98E0-0F21FDEFEC4D}
	EndGlobalSection
EndGlobal
